<?xml version="1.0" encoding="utf-8"?>
<Project ToolsVersion="4.0" xmlns="http://schemas.microsoft.com/developer/msbuild/2003">
  <ItemGroup>
    <Filter Include="Source Files">
      <UniqueIdentifier>{4FC737F1-C7A5-4376-A066-2A32D752A2FF}</UniqueIdentifier>
      <Extensions>cpp;c;cc;cxx;def;odl;idl;hpj;bat;asm;asmx</Extensions>
    </Filter>
    <Filter Include="Header Files">
      <UniqueIdentifier>{93995380-89BD-4b04-88EB-625FBE52EBFB}</UniqueIdentifier>
      <Extensions>h;hh;hpp;hxx;hm;inl;inc;xsd</Extensions>
    </Filter>
    <Filter Include="Resource Files">
      <UniqueIdentifier>{67DA6AB6-F800-4c08-8B7A-83BB121AAD01}</UniqueIdentifier>
      <Extensions>rc;ico;cur;bmp;dlg;rc2;rct;bin;rgs;gif;jpg;jpeg;jpe;resx;tiff;tif;png;wav;mfcribbon-ms</Extensions>
    </Filter>
  </ItemGroup>
  <ItemGroup>
    <Text Include="ReadMe.txt" />
    <Text Include="libical\CMakeLists.txt" />
  </ItemGroup>
  <ItemGroup>
    <ClInclude Include="stdafx.h">
      <Filter>Header Files</Filter>
    </ClInclude>
    <ClInclude Include="targetver.h">
      <Filter>Header Files</Filter>
    </ClInclude>
    <ClInclude Include="..\Pelen\Calendar.h">
      <Filter>Header Files</Filter>
    </ClInclude>
    <ClInclude Include="CalendarDateTime.h">
      <Filter>Header Files</Filter>
    </ClInclude>
    <ClInclude Include="CalendarUtils.h">
      <Filter>Header Files</Filter>
    </ClInclude>
    <ClInclude Include="CalendarDuration.h">
      <Filter>Header Files</Filter>
    </ClInclude>
    <ClInclude Include="CalendarDefinitions.h">
      <Filter>Header Files</Filter>
    </ClInclude>
    <ClInclude Include="CalendarLocale.h">
      <Filter>Header Files</Filter>
    </ClInclude>
  </ItemGroup>
  <ItemGroup>
    <ClCompile Include="stdafx.cpp">
      <Filter>Source Files</Filter>
    </ClCompile>
    <ClCompile Include="CalendarTest.cpp">
      <Filter>Source Files</Filter>
    </ClCompile>
    <ClCompile Include="..\Pelen\Calendar.cpp">
      <Filter>Source Files</Filter>
    </ClCompile>
    <ClCompile Include="CalendarDateTime.cpp">
      <Filter>Source Files</Filter>
    </ClCompile>
    <ClCompile Include="CalendarUtils.cpp">
      <Filter>Source Files</Filter>
    </ClCompile>
    <ClCompile Include="CalendarDuration.cpp">
      <Filter>Source Files</Filter>
    </ClCompile>
    <ClCompile Include="CalendarLocale.cpp">
      <Filter>Source Files</Filter>
    </ClCompile>
  </ItemGroup>
  <ItemGroup>
    <None Include="libical\ical_file.cmake" />
    <None Include="libical\icalderivedparameter.c.in" />
    <None Include="libical\icalderivedparameter.h.in" />
    <None Include="libical\icalderivedproperty.c.in" />
    <None Include="libical\icalderivedproperty.h.in" />
    <None Include="libical\icalderivedvalue.c.in" />
    <None Include="libical\icalderivedvalue.h.in" />
    <None Include="libical\icalrestriction.c.in" />
    <None Include="libical\icalversion.h.cmake" />
    <None Include="libical\libical.dsp" />
  </ItemGroup>
</Project>