
Microsoft Visual Studio Solution File, Format Version 12.00
# Visual Studio 14
VisualStudioVersion = 14.0.24720.0
MinimumVisualStudioVersion = 10.0.40219.1
Project("{FAE04EC0-301F-11D3-BF4B-00C04F79EFBC}") = "RdControls", "..\..\..\Utils\Components\RdControls\RdControls.csproj", "{FE111CA0-79D5-494A-9CE4-3816DE2FFC57}"
EndProject
Project("{FAE04EC0-301F-11D3-BF4B-00C04F79EFBC}") = "HomeModbus", "HomeModbus\HomeModbus.csproj", "{DFB02EE1-3BCA-4A0B-A181-5F682DD78D40}"
EndProject
Project("{FAE04EC0-301F-11D3-BF4B-00C04F79EFBC}") = "Chip45Programmer", "Chip45Programmer\Chip45Programmer.csproj", "{2B57A605-3999-447A-96C3-B396BB8208F5}"
EndProject
Project("{FAE04EC0-301F-11D3-BF4B-00C04F79EFBC}") = "Modbus", "nmodbus-master\NModbus\src\Modbus\Modbus.csproj", "{FF96B252-2B24-44A1-A09C-6401B5D7ED23}"
EndProject
Project("{8BC9CEB8-8B4A-11D0-8D11-00A0C91BC942}") = "Pelen", "Pelen\Pelen.vcxproj", "{C5F80730-F44F-4478-BDAE-6634EFC2CA88}"
EndProject
Project("{FAE04EC0-301F-11D3-BF4B-00C04F79EFBC}") = "RailwaySharp", "..\..\..\Utils\Net\railwaysharp-master\src\RailwaySharp\RailwaySharp.csproj", "{DDE48D28-267E-48D5-85E9-AFE8878A5721}"
EndProject
Project("{8BC9CEB8-8B4A-11D0-8D11-00A0C91BC942}") = "BathRoom", "BathRoom\BathRoom.vcxproj", "{6B570D61-9E8B-4EB0-8433-B26A9BC7A3EF}"
EndProject
Project("{8BC9CEB8-8B4A-11D0-8D11-00A0C91BC942}") = "CalendarTest", "CalendarTest\CalendarTest.vcxproj", "{A6E6FE72-D3B0-48DB-8B12-B4FB8E3240C5}"
EndProject
Project("{8BC9CEB8-8B4A-11D0-8D11-00A0C91BC942}") = "Corridor", "Corridor\Corridor.vcxproj", "{18808E2D-10A8-49A0-AFDF-A1621742993F}"
EndProject
Project("{FAE04EC0-301F-11D3-BF4B-00C04F79EFBC}") = "WpfGauge", "WpfGauge\WpfGauge\WpfGauge.csproj", "{E909601A-C92E-48F6-A792-1DC4C66B0624}"
EndProject
Project("{FAE04EC0-301F-11D3-BF4B-00C04F79EFBC}") = "CircularGauge", "CircularGauge\CircularGauge.csproj", "{6EFD5895-177B-4BBB-AF52-29F4D53B3FBD}"
EndProject
Global
	GlobalSection(SolutionConfigurationPlatforms) = preSolution
		Debug|Any CPU = Debug|Any CPU
		Debug|ARM = Debug|ARM
		Debug|x64 = Debug|x64
		Debug|x86 = Debug|x86
		Release|Any CPU = Release|Any CPU
		Release|ARM = Release|ARM
		Release|x64 = Release|x64
		Release|x86 = Release|x86
		SignedRelease|Any CPU = SignedRelease|Any CPU
		SignedRelease|ARM = SignedRelease|ARM
		SignedRelease|x64 = SignedRelease|x64
		SignedRelease|x86 = SignedRelease|x86
	EndGlobalSection
	GlobalSection(ProjectConfigurationPlatforms) = postSolution
		{FE111CA0-79D5-494A-9CE4-3816DE2FFC57}.Debug|Any CPU.ActiveCfg = Debug|Any CPU
		{FE111CA0-79D5-494A-9CE4-3816DE2FFC57}.Debug|Any CPU.Build.0 = Debug|Any CPU
		{FE111CA0-79D5-494A-9CE4-3816DE2FFC57}.Debug|ARM.ActiveCfg = Debug|Any CPU
		{FE111CA0-79D5-494A-9CE4-3816DE2FFC57}.Debug|ARM.Build.0 = Debug|Any CPU
		{FE111CA0-79D5-494A-9CE4-3816DE2FFC57}.Debug|x64.ActiveCfg = Debug|Any CPU
		{FE111CA0-79D5-494A-9CE4-3816DE2FFC57}.Debug|x64.Build.0 = Debug|Any CPU
		{FE111CA0-79D5-494A-9CE4-3816DE2FFC57}.Debug|x86.ActiveCfg = Debug|Any CPU
		{FE111CA0-79D5-494A-9CE4-3816DE2FFC57}.Debug|x86.Build.0 = Debug|Any CPU
		{FE111CA0-79D5-494A-9CE4-3816DE2FFC57}.Release|Any CPU.ActiveCfg = Release|Any CPU
		{FE111CA0-79D5-494A-9CE4-3816DE2FFC57}.Release|Any CPU.Build.0 = Release|Any CPU
		{FE111CA0-79D5-494A-9CE4-3816DE2FFC57}.Release|ARM.ActiveCfg = Release|Any CPU
		{FE111CA0-79D5-494A-9CE4-3816DE2FFC57}.Release|ARM.Build.0 = Release|Any CPU
		{FE111CA0-79D5-494A-9CE4-3816DE2FFC57}.Release|x64.ActiveCfg = Release|Any CPU
		{FE111CA0-79D5-494A-9CE4-3816DE2FFC57}.Release|x64.Build.0 = Release|Any CPU
		{FE111CA0-79D5-494A-9CE4-3816DE2FFC57}.Release|x86.ActiveCfg = Release|Any CPU
		{FE111CA0-79D5-494A-9CE4-3816DE2FFC57}.Release|x86.Build.0 = Release|Any CPU
		{FE111CA0-79D5-494A-9CE4-3816DE2FFC57}.SignedRelease|Any CPU.ActiveCfg = Release|Any CPU
		{FE111CA0-79D5-494A-9CE4-3816DE2FFC57}.SignedRelease|Any CPU.Build.0 = Release|Any CPU
		{FE111CA0-79D5-494A-9CE4-3816DE2FFC57}.SignedRelease|ARM.ActiveCfg = Release|Any CPU
		{FE111CA0-79D5-494A-9CE4-3816DE2FFC57}.SignedRelease|ARM.Build.0 = Release|Any CPU
		{FE111CA0-79D5-494A-9CE4-3816DE2FFC57}.SignedRelease|x64.ActiveCfg = Release|Any CPU
		{FE111CA0-79D5-494A-9CE4-3816DE2FFC57}.SignedRelease|x64.Build.0 = Release|Any CPU
		{FE111CA0-79D5-494A-9CE4-3816DE2FFC57}.SignedRelease|x86.ActiveCfg = Release|Any CPU
		{FE111CA0-79D5-494A-9CE4-3816DE2FFC57}.SignedRelease|x86.Build.0 = Release|Any CPU
		{DFB02EE1-3BCA-4A0B-A181-5F682DD78D40}.Debug|Any CPU.ActiveCfg = Debug|Any CPU
		{DFB02EE1-3BCA-4A0B-A181-5F682DD78D40}.Debug|Any CPU.Build.0 = Debug|Any CPU
		{DFB02EE1-3BCA-4A0B-A181-5F682DD78D40}.Debug|ARM.ActiveCfg = Debug|Any CPU
		{DFB02EE1-3BCA-4A0B-A181-5F682DD78D40}.Debug|ARM.Build.0 = Debug|Any CPU
		{DFB02EE1-3BCA-4A0B-A181-5F682DD78D40}.Debug|x64.ActiveCfg = Debug|Any CPU
		{DFB02EE1-3BCA-4A0B-A181-5F682DD78D40}.Debug|x64.Build.0 = Debug|Any CPU
		{DFB02EE1-3BCA-4A0B-A181-5F682DD78D40}.Debug|x86.ActiveCfg = Debug|Any CPU
		{DFB02EE1-3BCA-4A0B-A181-5F682DD78D40}.Debug|x86.Build.0 = Debug|Any CPU
		{DFB02EE1-3BCA-4A0B-A181-5F682DD78D40}.Release|Any CPU.ActiveCfg = Release|Any CPU
		{DFB02EE1-3BCA-4A0B-A181-5F682DD78D40}.Release|Any CPU.Build.0 = Release|Any CPU
		{DFB02EE1-3BCA-4A0B-A181-5F682DD78D40}.Release|ARM.ActiveCfg = Release|Any CPU
		{DFB02EE1-3BCA-4A0B-A181-5F682DD78D40}.Release|ARM.Build.0 = Release|Any CPU
		{DFB02EE1-3BCA-4A0B-A181-5F682DD78D40}.Release|x64.ActiveCfg = Release|Any CPU
		{DFB02EE1-3BCA-4A0B-A181-5F682DD78D40}.Release|x64.Build.0 = Release|Any CPU
		{DFB02EE1-3BCA-4A0B-A181-5F682DD78D40}.Release|x86.ActiveCfg = Release|Any CPU
		{DFB02EE1-3BCA-4A0B-A181-5F682DD78D40}.Release|x86.Build.0 = Release|Any CPU
		{DFB02EE1-3BCA-4A0B-A181-5F682DD78D40}.SignedRelease|Any CPU.ActiveCfg = Release|Any CPU
		{DFB02EE1-3BCA-4A0B-A181-5F682DD78D40}.SignedRelease|Any CPU.Build.0 = Release|Any CPU
		{DFB02EE1-3BCA-4A0B-A181-5F682DD78D40}.SignedRelease|ARM.ActiveCfg = Release|Any CPU
		{DFB02EE1-3BCA-4A0B-A181-5F682DD78D40}.SignedRelease|ARM.Build.0 = Release|Any CPU
		{DFB02EE1-3BCA-4A0B-A181-5F682DD78D40}.SignedRelease|x64.ActiveCfg = Release|Any CPU
		{DFB02EE1-3BCA-4A0B-A181-5F682DD78D40}.SignedRelease|x64.Build.0 = Release|Any CPU
		{DFB02EE1-3BCA-4A0B-A181-5F682DD78D40}.SignedRelease|x86.ActiveCfg = Release|Any CPU
		{DFB02EE1-3BCA-4A0B-A181-5F682DD78D40}.SignedRelease|x86.Build.0 = Release|Any CPU
		{2B57A605-3999-447A-96C3-B396BB8208F5}.Debug|Any CPU.ActiveCfg = Debug|Any CPU
		{2B57A605-3999-447A-96C3-B396BB8208F5}.Debug|Any CPU.Build.0 = Debug|Any CPU
		{2B57A605-3999-447A-96C3-B396BB8208F5}.Debug|ARM.ActiveCfg = Debug|Any CPU
		{2B57A605-3999-447A-96C3-B396BB8208F5}.Debug|ARM.Build.0 = Debug|Any CPU
		{2B57A605-3999-447A-96C3-B396BB8208F5}.Debug|x64.ActiveCfg = Debug|Any CPU
		{2B57A605-3999-447A-96C3-B396BB8208F5}.Debug|x64.Build.0 = Debug|Any CPU
		{2B57A605-3999-447A-96C3-B396BB8208F5}.Debug|x86.ActiveCfg = Debug|Any CPU
		{2B57A605-3999-447A-96C3-B396BB8208F5}.Debug|x86.Build.0 = Debug|Any CPU
		{2B57A605-3999-447A-96C3-B396BB8208F5}.Release|Any CPU.ActiveCfg = Release|Any CPU
		{2B57A605-3999-447A-96C3-B396BB8208F5}.Release|Any CPU.Build.0 = Release|Any CPU
		{2B57A605-3999-447A-96C3-B396BB8208F5}.Release|ARM.ActiveCfg = Release|Any CPU
		{2B57A605-3999-447A-96C3-B396BB8208F5}.Release|ARM.Build.0 = Release|Any CPU
		{2B57A605-3999-447A-96C3-B396BB8208F5}.Release|x64.ActiveCfg = Release|Any CPU
		{2B57A605-3999-447A-96C3-B396BB8208F5}.Release|x64.Build.0 = Release|Any CPU
		{2B57A605-3999-447A-96C3-B396BB8208F5}.Release|x86.ActiveCfg = Release|Any CPU
		{2B57A605-3999-447A-96C3-B396BB8208F5}.Release|x86.Build.0 = Release|Any CPU
		{2B57A605-3999-447A-96C3-B396BB8208F5}.SignedRelease|Any CPU.ActiveCfg = Release|Any CPU
		{2B57A605-3999-447A-96C3-B396BB8208F5}.SignedRelease|Any CPU.Build.0 = Release|Any CPU
		{2B57A605-3999-447A-96C3-B396BB8208F5}.SignedRelease|ARM.ActiveCfg = Release|Any CPU
		{2B57A605-3999-447A-96C3-B396BB8208F5}.SignedRelease|ARM.Build.0 = Release|Any CPU
		{2B57A605-3999-447A-96C3-B396BB8208F5}.SignedRelease|x64.ActiveCfg = Release|Any CPU
		{2B57A605-3999-447A-96C3-B396BB8208F5}.SignedRelease|x64.Build.0 = Release|Any CPU
		{2B57A605-3999-447A-96C3-B396BB8208F5}.SignedRelease|x86.ActiveCfg = Release|Any CPU
		{2B57A605-3999-447A-96C3-B396BB8208F5}.SignedRelease|x86.Build.0 = Release|Any CPU
		{FF96B252-2B24-44A1-A09C-6401B5D7ED23}.Debug|Any CPU.ActiveCfg = Debug|Any CPU
		{FF96B252-2B24-44A1-A09C-6401B5D7ED23}.Debug|Any CPU.Build.0 = Debug|Any CPU
		{FF96B252-2B24-44A1-A09C-6401B5D7ED23}.Debug|ARM.ActiveCfg = Debug|Any CPU
		{FF96B252-2B24-44A1-A09C-6401B5D7ED23}.Debug|ARM.Build.0 = Debug|Any CPU
		{FF96B252-2B24-44A1-A09C-6401B5D7ED23}.Debug|x64.ActiveCfg = Debug|Any CPU
		{FF96B252-2B24-44A1-A09C-6401B5D7ED23}.Debug|x64.Build.0 = Debug|Any CPU
		{FF96B252-2B24-44A1-A09C-6401B5D7ED23}.Debug|x86.ActiveCfg = Debug|Any CPU
		{FF96B252-2B24-44A1-A09C-6401B5D7ED23}.Debug|x86.Build.0 = Debug|Any CPU
		{FF96B252-2B24-44A1-A09C-6401B5D7ED23}.Release|Any CPU.ActiveCfg = Release|Any CPU
		{FF96B252-2B24-44A1-A09C-6401B5D7ED23}.Release|Any CPU.Build.0 = Release|Any CPU
		{FF96B252-2B24-44A1-A09C-6401B5D7ED23}.Release|ARM.ActiveCfg = Release|Any CPU
		{FF96B252-2B24-44A1-A09C-6401B5D7ED23}.Release|ARM.Build.0 = Release|Any CPU
		{FF96B252-2B24-44A1-A09C-6401B5D7ED23}.Release|x64.ActiveCfg = Release|Any CPU
		{FF96B252-2B24-44A1-A09C-6401B5D7ED23}.Release|x64.Build.0 = Release|Any CPU
		{FF96B252-2B24-44A1-A09C-6401B5D7ED23}.Release|x86.ActiveCfg = Release|Any CPU
		{FF96B252-2B24-44A1-A09C-6401B5D7ED23}.Release|x86.Build.0 = Release|Any CPU
		{FF96B252-2B24-44A1-A09C-6401B5D7ED23}.SignedRelease|Any CPU.ActiveCfg = SignedRelease|Any CPU
		{FF96B252-2B24-44A1-A09C-6401B5D7ED23}.SignedRelease|Any CPU.Build.0 = SignedRelease|Any CPU
		{FF96B252-2B24-44A1-A09C-6401B5D7ED23}.SignedRelease|ARM.ActiveCfg = SignedRelease|Any CPU
		{FF96B252-2B24-44A1-A09C-6401B5D7ED23}.SignedRelease|ARM.Build.0 = SignedRelease|Any CPU
		{FF96B252-2B24-44A1-A09C-6401B5D7ED23}.SignedRelease|x64.ActiveCfg = SignedRelease|Any CPU
		{FF96B252-2B24-44A1-A09C-6401B5D7ED23}.SignedRelease|x64.Build.0 = SignedRelease|Any CPU
		{FF96B252-2B24-44A1-A09C-6401B5D7ED23}.SignedRelease|x86.ActiveCfg = SignedRelease|Any CPU
		{FF96B252-2B24-44A1-A09C-6401B5D7ED23}.SignedRelease|x86.Build.0 = SignedRelease|Any CPU
		{C5F80730-F44F-4478-BDAE-6634EFC2CA88}.Debug|Any CPU.ActiveCfg = Debug|Win32
		{C5F80730-F44F-4478-BDAE-6634EFC2CA88}.Debug|ARM.ActiveCfg = Debug|Win32
		{C5F80730-F44F-4478-BDAE-6634EFC2CA88}.Debug|x64.ActiveCfg = Debug|Win32
		{C5F80730-F44F-4478-BDAE-6634EFC2CA88}.Debug|x86.ActiveCfg = Debug|Win32
		{C5F80730-F44F-4478-BDAE-6634EFC2CA88}.Debug|x86.Build.0 = Debug|Win32
		{C5F80730-F44F-4478-BDAE-6634EFC2CA88}.Release|Any CPU.ActiveCfg = Release|Win32
		{C5F80730-F44F-4478-BDAE-6634EFC2CA88}.Release|ARM.ActiveCfg = Release|Win32
		{C5F80730-F44F-4478-BDAE-6634EFC2CA88}.Release|x64.ActiveCfg = Release|Win32
		{C5F80730-F44F-4478-BDAE-6634EFC2CA88}.Release|x86.ActiveCfg = Release|Win32
		{C5F80730-F44F-4478-BDAE-6634EFC2CA88}.Release|x86.Build.0 = Release|Win32
		{C5F80730-F44F-4478-BDAE-6634EFC2CA88}.SignedRelease|Any CPU.ActiveCfg = Release|Win32
		{C5F80730-F44F-4478-BDAE-6634EFC2CA88}.SignedRelease|Any CPU.Build.0 = Release|Win32
		{C5F80730-F44F-4478-BDAE-6634EFC2CA88}.SignedRelease|ARM.ActiveCfg = Release|Win32
		{C5F80730-F44F-4478-BDAE-6634EFC2CA88}.SignedRelease|ARM.Build.0 = Release|Win32
		{C5F80730-F44F-4478-BDAE-6634EFC2CA88}.SignedRelease|x64.ActiveCfg = Release|Win32
		{C5F80730-F44F-4478-BDAE-6634EFC2CA88}.SignedRelease|x64.Build.0 = Release|Win32
		{C5F80730-F44F-4478-BDAE-6634EFC2CA88}.SignedRelease|x86.ActiveCfg = Release|Win32
		{C5F80730-F44F-4478-BDAE-6634EFC2CA88}.SignedRelease|x86.Build.0 = Release|Win32
		{DDE48D28-267E-48D5-85E9-AFE8878A5721}.Debug|Any CPU.ActiveCfg = Debug|Any CPU
		{DDE48D28-267E-48D5-85E9-AFE8878A5721}.Debug|Any CPU.Build.0 = Debug|Any CPU
		{DDE48D28-267E-48D5-85E9-AFE8878A5721}.Debug|ARM.ActiveCfg = Debug|Any CPU
		{DDE48D28-267E-48D5-85E9-AFE8878A5721}.Debug|ARM.Build.0 = Debug|Any CPU
		{DDE48D28-267E-48D5-85E9-AFE8878A5721}.Debug|x64.ActiveCfg = Debug|Any CPU
		{DDE48D28-267E-48D5-85E9-AFE8878A5721}.Debug|x64.Build.0 = Debug|Any CPU
		{DDE48D28-267E-48D5-85E9-AFE8878A5721}.Debug|x86.ActiveCfg = Debug|Any CPU
		{DDE48D28-267E-48D5-85E9-AFE8878A5721}.Debug|x86.Build.0 = Debug|Any CPU
		{DDE48D28-267E-48D5-85E9-AFE8878A5721}.Release|Any CPU.ActiveCfg = Release|Any CPU
		{DDE48D28-267E-48D5-85E9-AFE8878A5721}.Release|Any CPU.Build.0 = Release|Any CPU
		{DDE48D28-267E-48D5-85E9-AFE8878A5721}.Release|ARM.ActiveCfg = Release|Any CPU
		{DDE48D28-267E-48D5-85E9-AFE8878A5721}.Release|ARM.Build.0 = Release|Any CPU
		{DDE48D28-267E-48D5-85E9-AFE8878A5721}.Release|x64.ActiveCfg = Release|Any CPU
		{DDE48D28-267E-48D5-85E9-AFE8878A5721}.Release|x64.Build.0 = Release|Any CPU
		{DDE48D28-267E-48D5-85E9-AFE8878A5721}.Release|x86.ActiveCfg = Release|Any CPU
		{DDE48D28-267E-48D5-85E9-AFE8878A5721}.Release|x86.Build.0 = Release|Any CPU
		{DDE48D28-267E-48D5-85E9-AFE8878A5721}.SignedRelease|Any CPU.ActiveCfg = Release|Any CPU
		{DDE48D28-267E-48D5-85E9-AFE8878A5721}.SignedRelease|Any CPU.Build.0 = Release|Any CPU
		{DDE48D28-267E-48D5-85E9-AFE8878A5721}.SignedRelease|ARM.ActiveCfg = Release|Any CPU
		{DDE48D28-267E-48D5-85E9-AFE8878A5721}.SignedRelease|ARM.Build.0 = Release|Any CPU
		{DDE48D28-267E-48D5-85E9-AFE8878A5721}.SignedRelease|x64.ActiveCfg = Release|Any CPU
		{DDE48D28-267E-48D5-85E9-AFE8878A5721}.SignedRelease|x64.Build.0 = Release|Any CPU
		{DDE48D28-267E-48D5-85E9-AFE8878A5721}.SignedRelease|x86.ActiveCfg = Release|Any CPU
		{DDE48D28-267E-48D5-85E9-AFE8878A5721}.SignedRelease|x86.Build.0 = Release|Any CPU
		{6B570D61-9E8B-4EB0-8433-B26A9BC7A3EF}.Debug|Any CPU.ActiveCfg = Debug|Win32
		{6B570D61-9E8B-4EB0-8433-B26A9BC7A3EF}.Debug|ARM.ActiveCfg = Debug|Win32
		{6B570D61-9E8B-4EB0-8433-B26A9BC7A3EF}.Debug|x64.ActiveCfg = Debug|Win32
		{6B570D61-9E8B-4EB0-8433-B26A9BC7A3EF}.Debug|x86.ActiveCfg = Debug|Win32
		{6B570D61-9E8B-4EB0-8433-B26A9BC7A3EF}.Debug|x86.Build.0 = Debug|Win32
		{6B570D61-9E8B-4EB0-8433-B26A9BC7A3EF}.Release|Any CPU.ActiveCfg = Release|Win32
		{6B570D61-9E8B-4EB0-8433-B26A9BC7A3EF}.Release|ARM.ActiveCfg = Release|Win32
		{6B570D61-9E8B-4EB0-8433-B26A9BC7A3EF}.Release|x64.ActiveCfg = Release|Win32
		{6B570D61-9E8B-4EB0-8433-B26A9BC7A3EF}.Release|x86.ActiveCfg = Release|Win32
		{6B570D61-9E8B-4EB0-8433-B26A9BC7A3EF}.Release|x86.Build.0 = Release|Win32
		{6B570D61-9E8B-4EB0-8433-B26A9BC7A3EF}.SignedRelease|Any CPU.ActiveCfg = Release|Win32
		{6B570D61-9E8B-4EB0-8433-B26A9BC7A3EF}.SignedRelease|Any CPU.Build.0 = Release|Win32
		{6B570D61-9E8B-4EB0-8433-B26A9BC7A3EF}.SignedRelease|ARM.ActiveCfg = Release|Win32
		{6B570D61-9E8B-4EB0-8433-B26A9BC7A3EF}.SignedRelease|ARM.Build.0 = Release|Win32
		{6B570D61-9E8B-4EB0-8433-B26A9BC7A3EF}.SignedRelease|x64.ActiveCfg = Release|Win32
		{6B570D61-9E8B-4EB0-8433-B26A9BC7A3EF}.SignedRelease|x64.Build.0 = Release|Win32
		{6B570D61-9E8B-4EB0-8433-B26A9BC7A3EF}.SignedRelease|x86.ActiveCfg = Release|Win32
		{6B570D61-9E8B-4EB0-8433-B26A9BC7A3EF}.SignedRelease|x86.Build.0 = Release|Win32
		{A6E6FE72-D3B0-48DB-8B12-B4FB8E3240C5}.Debug|Any CPU.ActiveCfg = Debug|Win32
		{A6E6FE72-D3B0-48DB-8B12-B4FB8E3240C5}.Debug|ARM.ActiveCfg = Debug|Win32
		{A6E6FE72-D3B0-48DB-8B12-B4FB8E3240C5}.Debug|x64.ActiveCfg = Debug|x64
		{A6E6FE72-D3B0-48DB-8B12-B4FB8E3240C5}.Debug|x64.Build.0 = Debug|x64
		{A6E6FE72-D3B0-48DB-8B12-B4FB8E3240C5}.Debug|x86.ActiveCfg = Debug|Win32
		{A6E6FE72-D3B0-48DB-8B12-B4FB8E3240C5}.Debug|x86.Build.0 = Debug|Win32
		{A6E6FE72-D3B0-48DB-8B12-B4FB8E3240C5}.Release|Any CPU.ActiveCfg = Release|Win32
		{A6E6FE72-D3B0-48DB-8B12-B4FB8E3240C5}.Release|ARM.ActiveCfg = Release|Win32
		{A6E6FE72-D3B0-48DB-8B12-B4FB8E3240C5}.Release|x64.ActiveCfg = Release|x64
		{A6E6FE72-D3B0-48DB-8B12-B4FB8E3240C5}.Release|x64.Build.0 = Release|x64
		{A6E6FE72-D3B0-48DB-8B12-B4FB8E3240C5}.Release|x86.ActiveCfg = Release|Win32
		{A6E6FE72-D3B0-48DB-8B12-B4FB8E3240C5}.Release|x86.Build.0 = Release|Win32
		{A6E6FE72-D3B0-48DB-8B12-B4FB8E3240C5}.SignedRelease|Any CPU.ActiveCfg = Release|x64
		{A6E6FE72-D3B0-48DB-8B12-B4FB8E3240C5}.SignedRelease|Any CPU.Build.0 = Release|x64
		{A6E6FE72-D3B0-48DB-8B12-B4FB8E3240C5}.SignedRelease|ARM.ActiveCfg = Release|x64
		{A6E6FE72-D3B0-48DB-8B12-B4FB8E3240C5}.SignedRelease|ARM.Build.0 = Release|x64
		{A6E6FE72-D3B0-48DB-8B12-B4FB8E3240C5}.SignedRelease|x64.ActiveCfg = Release|x64
		{A6E6FE72-D3B0-48DB-8B12-B4FB8E3240C5}.SignedRelease|x64.Build.0 = Release|x64
		{A6E6FE72-D3B0-48DB-8B12-B4FB8E3240C5}.SignedRelease|x86.ActiveCfg = Release|Win32
		{A6E6FE72-D3B0-48DB-8B12-B4FB8E3240C5}.SignedRelease|x86.Build.0 = Release|Win32
		{18808E2D-10A8-49A0-AFDF-A1621742993F}.Debug|Any CPU.ActiveCfg = Debug|Win32
		{18808E2D-10A8-49A0-AFDF-A1621742993F}.Debug|ARM.ActiveCfg = Debug|Win32
		{18808E2D-10A8-49A0-AFDF-A1621742993F}.Debug|x64.ActiveCfg = Debug|Win32
		{18808E2D-10A8-49A0-AFDF-A1621742993F}.Debug|x86.ActiveCfg = Debug|Win32
		{18808E2D-10A8-49A0-AFDF-A1621742993F}.Debug|x86.Build.0 = Debug|Win32
		{18808E2D-10A8-49A0-AFDF-A1621742993F}.Release|Any CPU.ActiveCfg = Release|Win32
		{18808E2D-10A8-49A0-AFDF-A1621742993F}.Release|ARM.ActiveCfg = Release|Win32
		{18808E2D-10A8-49A0-AFDF-A1621742993F}.Release|x64.ActiveCfg = Release|Win32
		{18808E2D-10A8-49A0-AFDF-A1621742993F}.Release|x86.ActiveCfg = Release|Win32
		{18808E2D-10A8-49A0-AFDF-A1621742993F}.Release|x86.Build.0 = Release|Win32
		{18808E2D-10A8-49A0-AFDF-A1621742993F}.SignedRelease|Any CPU.ActiveCfg = Release|Win32
		{18808E2D-10A8-49A0-AFDF-A1621742993F}.SignedRelease|Any CPU.Build.0 = Release|Win32
		{18808E2D-10A8-49A0-AFDF-A1621742993F}.SignedRelease|ARM.ActiveCfg = Release|Win32
		{18808E2D-10A8-49A0-AFDF-A1621742993F}.SignedRelease|ARM.Build.0 = Release|Win32
		{18808E2D-10A8-49A0-AFDF-A1621742993F}.SignedRelease|x64.ActiveCfg = Release|Win32
		{18808E2D-10A8-49A0-AFDF-A1621742993F}.SignedRelease|x64.Build.0 = Release|Win32
		{18808E2D-10A8-49A0-AFDF-A1621742993F}.SignedRelease|x86.ActiveCfg = Release|Win32
		{18808E2D-10A8-49A0-AFDF-A1621742993F}.SignedRelease|x86.Build.0 = Release|Win32
		{E909601A-C92E-48F6-A792-1DC4C66B0624}.Debug|Any CPU.ActiveCfg = Debug|Any CPU
		{E909601A-C92E-48F6-A792-1DC4C66B0624}.Debug|Any CPU.Build.0 = Debug|Any CPU
		{E909601A-C92E-48F6-A792-1DC4C66B0624}.Debug|ARM.ActiveCfg = Debug|Any CPU
		{E909601A-C92E-48F6-A792-1DC4C66B0624}.Debug|ARM.Build.0 = Debug|Any CPU
		{E909601A-C92E-48F6-A792-1DC4C66B0624}.Debug|x64.ActiveCfg = Debug|Any CPU
		{E909601A-C92E-48F6-A792-1DC4C66B0624}.Debug|x64.Build.0 = Debug|Any CPU
		{E909601A-C92E-48F6-A792-1DC4C66B0624}.Debug|x86.ActiveCfg = Debug|Any CPU
		{E909601A-C92E-48F6-A792-1DC4C66B0624}.Debug|x86.Build.0 = Debug|Any CPU
		{E909601A-C92E-48F6-A792-1DC4C66B0624}.Release|Any CPU.ActiveCfg = Release|Any CPU
		{E909601A-C92E-48F6-A792-1DC4C66B0624}.Release|Any CPU.Build.0 = Release|Any CPU
		{E909601A-C92E-48F6-A792-1DC4C66B0624}.Release|ARM.ActiveCfg = Release|Any CPU
		{E909601A-C92E-48F6-A792-1DC4C66B0624}.Release|ARM.Build.0 = Release|Any CPU
		{E909601A-C92E-48F6-A792-1DC4C66B0624}.Release|x64.ActiveCfg = Release|Any CPU
		{E909601A-C92E-48F6-A792-1DC4C66B0624}.Release|x64.Build.0 = Release|Any CPU
		{E909601A-C92E-48F6-A792-1DC4C66B0624}.Release|x86.ActiveCfg = Release|Any CPU
		{E909601A-C92E-48F6-A792-1DC4C66B0624}.Release|x86.Build.0 = Release|Any CPU
		{E909601A-C92E-48F6-A792-1DC4C66B0624}.SignedRelease|Any CPU.ActiveCfg = Release|Any CPU
		{E909601A-C92E-48F6-A792-1DC4C66B0624}.SignedRelease|Any CPU.Build.0 = Release|Any CPU
		{E909601A-C92E-48F6-A792-1DC4C66B0624}.SignedRelease|ARM.ActiveCfg = Release|Any CPU
		{E909601A-C92E-48F6-A792-1DC4C66B0624}.SignedRelease|ARM.Build.0 = Release|Any CPU
		{E909601A-C92E-48F6-A792-1DC4C66B0624}.SignedRelease|x64.ActiveCfg = Release|Any CPU
		{E909601A-C92E-48F6-A792-1DC4C66B0624}.SignedRelease|x64.Build.0 = Release|Any CPU
		{E909601A-C92E-48F6-A792-1DC4C66B0624}.SignedRelease|x86.ActiveCfg = Release|Any CPU
		{E909601A-C92E-48F6-A792-1DC4C66B0624}.SignedRelease|x86.Build.0 = Release|Any CPU
		{6EFD5895-177B-4BBB-AF52-29F4D53B3FBD}.Debug|Any CPU.ActiveCfg = Debug|Any CPU
		{6EFD5895-177B-4BBB-AF52-29F4D53B3FBD}.Debug|Any CPU.Build.0 = Debug|Any CPU
		{6EFD5895-177B-4BBB-AF52-29F4D53B3FBD}.Debug|ARM.ActiveCfg = Debug|Any CPU
		{6EFD5895-177B-4BBB-AF52-29F4D53B3FBD}.Debug|ARM.Build.0 = Debug|Any CPU
		{6EFD5895-177B-4BBB-AF52-29F4D53B3FBD}.Debug|x64.ActiveCfg = Debug|Any CPU
		{6EFD5895-177B-4BBB-AF52-29F4D53B3FBD}.Debug|x64.Build.0 = Debug|Any CPU
		{6EFD5895-177B-4BBB-AF52-29F4D53B3FBD}.Debug|x86.ActiveCfg = Debug|Any CPU
		{6EFD5895-177B-4BBB-AF52-29F4D53B3FBD}.Debug|x86.Build.0 = Debug|Any CPU
		{6EFD5895-177B-4BBB-AF52-29F4D53B3FBD}.Release|Any CPU.ActiveCfg = Release|Any CPU
		{6EFD5895-177B-4BBB-AF52-29F4D53B3FBD}.Release|Any CPU.Build.0 = Release|Any CPU
		{6EFD5895-177B-4BBB-AF52-29F4D53B3FBD}.Release|ARM.ActiveCfg = Release|Any CPU
		{6EFD5895-177B-4BBB-AF52-29F4D53B3FBD}.Release|ARM.Build.0 = Release|Any CPU
		{6EFD5895-177B-4BBB-AF52-29F4D53B3FBD}.Release|x64.ActiveCfg = Release|Any CPU
		{6EFD5895-177B-4BBB-AF52-29F4D53B3FBD}.Release|x64.Build.0 = Release|Any CPU
		{6EFD5895-177B-4BBB-AF52-29F4D53B3FBD}.Release|x86.ActiveCfg = Release|Any CPU
		{6EFD5895-177B-4BBB-AF52-29F4D53B3FBD}.Release|x86.Build.0 = Release|Any CPU
		{6EFD5895-177B-4BBB-AF52-29F4D53B3FBD}.SignedRelease|Any CPU.ActiveCfg = Release|Any CPU
		{6EFD5895-177B-4BBB-AF52-29F4D53B3FBD}.SignedRelease|Any CPU.Build.0 = Release|Any CPU
		{6EFD5895-177B-4BBB-AF52-29F4D53B3FBD}.SignedRelease|ARM.ActiveCfg = Release|Any CPU
		{6EFD5895-177B-4BBB-AF52-29F4D53B3FBD}.SignedRelease|ARM.Build.0 = Release|Any CPU
		{6EFD5895-177B-4BBB-AF52-29F4D53B3FBD}.SignedRelease|x64.ActiveCfg = Release|Any CPU
		{6EFD5895-177B-4BBB-AF52-29F4D53B3FBD}.SignedRelease|x64.Build.0 = Release|Any CPU
		{6EFD5895-177B-4BBB-AF52-29F4D53B3FBD}.SignedRelease|x86.ActiveCfg = Release|Any CPU
		{6EFD5895-177B-4BBB-AF52-29F4D53B3FBD}.SignedRelease|x86.Build.0 = Release|Any CPU
	EndGlobalSection
	GlobalSection(SolutionProperties) = preSolution
		HideSolutionNode = FALSE
	EndGlobalSection
EndGlobal
